
Microsoft Visual Studio Solution File, Format Version 12.00
# Visual Studio 15
VisualStudioVersion = 15.0.28307.329
MinimumVisualStudioVersion = 10.0.40219.1
Project("{FAE04EC0-301F-11D3-BF4B-00C04F79EFBC}") = "BadDDSec", "DDSec\BadDDSec.csproj", "{5BB7D7EC-8314-4DEB-98CA-9C3BA4F9982C}"
EndProject
Project("{FAE04EC0-301F-11D3-BF4B-00C04F79EFBC}") = "NameGenerator", "NameGenerator\NameGenerator.csproj", "{76A355F1-5181-4EE4-BFC8-20DC30CE709C}"
EndProject
Project("{FAE04EC0-301F-11D3-BF4B-00C04F79EFBC}") = "BetterDDSec", "BetterDDSec\BetterDDSec.csproj", "{BE650A1D-F086-48EF-B74E-E21A97663368}"
EndProject
Global
	GlobalSection(SolutionConfigurationPlatforms) = preSolution
		Debug|Any CPU = Debug|Any CPU
		Release|Any CPU = Release|Any CPU
	EndGlobalSection
	GlobalSection(ProjectConfigurationPlatforms) = postSolution
		{5BB7D7EC-8314-4DEB-98CA-9C3BA4F9982C}.Debug|Any CPU.ActiveCfg = Debug|Any CPU
		{5BB7D7EC-8314-4DEB-98CA-9C3BA4F9982C}.Debug|Any CPU.Build.0 = Debug|Any CPU
		{5BB7D7EC-8314-4DEB-98CA-9C3BA4F9982C}.Release|Any CPU.ActiveCfg = Release|Any CPU
		{5BB7D7EC-8314-4DEB-98CA-9C3BA4F9982C}.Release|Any CPU.Build.0 = Release|Any CPU
		{76A355F1-5181-4EE4-BFC8-20DC30CE709C}.Debug|Any CPU.ActiveCfg = Debug|Any CPU
		{76A355F1-5181-4EE4-BFC8-20DC30CE709C}.Debug|Any CPU.Build.0 = Debug|Any CPU
		{76A355F1-5181-4EE4-BFC8-20DC30CE709C}.Release|Any CPU.ActiveCfg = Release|Any CPU
		{76A355F1-5181-4EE4-BFC8-20DC30CE709C}.Release|Any CPU.Build.0 = Release|Any CPU
		{BE650A1D-F086-48EF-B74E-E21A97663368}.Debug|Any CPU.ActiveCfg = Debug|Any CPU
		{BE650A1D-F086-48EF-B74E-E21A97663368}.Debug|Any CPU.Build.0 = Debug|Any CPU
		{BE650A1D-F086-48EF-B74E-E21A97663368}.Release|Any CPU.ActiveCfg = Release|Any CPU
		{BE650A1D-F086-48EF-B74E-E21A97663368}.Release|Any CPU.Build.0 = Release|Any CPU
	EndGlobalSection
	GlobalSection(SolutionProperties) = preSolution
		HideSolutionNode = FALSE
	EndGlobalSection
	GlobalSection(ExtensibilityGlobals) = postSolution
		SolutionGuid = {970610BB-7A69-4A65-885E-243DB75FB3FE}
	EndGlobalSection
EndGlobal
